
Microsoft Visual Studio Solution File, Format Version 12.00
# Visual Studio 15
VisualStudioVersion = 15.0.27428.2011
MinimumVisualStudioVersion = 10.0.40219.1
Project("{00D1A9C2-B5F0-4AF3-8072-F6C62B433612}") = "PocSSDT.SSDT", "PocSSDT.DataBase\PocSSDT.SSDT.sqlproj", "{18700B1C-0687-4111-96AD-FB5B1FD66247}"
EndProject
Global
	GlobalSection(SolutionConfigurationPlatforms) = preSolution
		Debug|Any CPU = Debug|Any CPU
		Release|Any CPU = Release|Any CPU
	EndGlobalSection
	GlobalSection(ProjectConfigurationPlatforms) = postSolution
		{18700B1C-0687-4111-96AD-FB5B1FD66247}.Debug|Any CPU.ActiveCfg = Debug|Any CPU
		{18700B1C-0687-4111-96AD-FB5B1FD66247}.Debug|Any CPU.Build.0 = Debug|Any CPU
		{18700B1C-0687-4111-96AD-FB5B1FD66247}.Debug|Any CPU.Deploy.0 = Debug|Any CPU
		{18700B1C-0687-4111-96AD-FB5B1FD66247}.Release|Any CPU.ActiveCfg = Release|Any CPU
		{18700B1C-0687-4111-96AD-FB5B1FD66247}.Release|Any CPU.Build.0 = Release|Any CPU
		{18700B1C-0687-4111-96AD-FB5B1FD66247}.Release|Any CPU.Deploy.0 = Release|Any CPU
	EndGlobalSection
	GlobalSection(SolutionProperties) = preSolution
		HideSolutionNode = FALSE
	EndGlobalSection
	GlobalSection(ExtensibilityGlobals) = postSolution
		SolutionGuid = {6699088B-7B32-4C39-A32C-9A100DB0917A}
	EndGlobalSection
EndGlobal
